lockfileVersion: '6.0'

dependencies:
  '@types/underscore':
    specifier: ^1.11.4
    version: 1.11.4
  crypto-js:
    specifier: ^4.1.1
    version: 4.1.1
  glob:
    specifier: ^10.3.3
    version: 10.3.3
  obsidian-markdown-export:
    specifier: github:bingryan/obsidian-markdown-export-plugin
    version: github.com/bingryan/obsidian-markdown-export-plugin/48fbdfd4413355ddea1cf8e062200317b9dbfb08
  scoped-eval:
    specifier: ^0.4.2
    version: 0.4.2
  ts-md5:
    specifier: ^1.3.1
    version: 1.3.1
  underscore:
    specifier: ^1.13.6
    version: 1.13.6

devDependencies:
  '@types/node':
    specifier: ^16.11.6
    version: 16.18.26
  '@typescript-eslint/eslint-plugin':
    specifier: 5.29.0
    version: 5.29.0(@typescript-eslint/parser@5.29.0)(typescript@4.7.4)
  '@typescript-eslint/parser':
    specifier: 5.29.0
    version: 5.29.0(typescript@4.7.4)
  builtin-modules:
    specifier: 3.3.0
    version: 3.3.0
  esbuild:
    specifier: 0.17.3
    version: 0.17.3
  obsidian:
    specifier: latest
    version: 1.2.8
  obsidian-dataview:
    specifier: ^0.5.55
    version: 0.5.55
  tslib:
    specifier: 2.4.0
    version: 2.4.0
  typescript:
    specifier: 4.7.4
    version: 4.7.4

packages:

  /@codemirror/state@6.2.0:
    resolution: {integrity: sha512-69QXtcrsc3RYtOtd+GsvczJ319udtBf1PTrr2KbLWM/e2CXUPnh0Nz9AUo8WfhSQ7GeL8dPVNUmhQVgpmuaNGA==}
    dev: true

  /@codemirror/view@6.11.0:
    resolution: {integrity: sha512-PRpPRkqMkAKKxEuiUBxapE0YR+wqs9At92ujbJo93PwTZ0jEJDzx9wahrDcXEhQ43Pe0RK9DdZMLWrt+QN80DA==}
    dependencies:
      '@codemirror/state': 6.2.0
      style-mod: 4.0.3
      w3c-keyname: 2.2.6
    dev: true

  /@esbuild/android-arm64@0.17.3:
    resolution: {integrity: sha512-XvJsYo3dO3Pi4kpalkyMvfQsjxPWHYjoX4MDiB/FUM4YMfWcXa5l4VCwFWVYI1+92yxqjuqrhNg0CZg3gSouyQ==}
    engines: {node: '>=12'}
    cpu: [arm64]
    os: [android]
    requiresBuild: true
    dev: true
    optional: true

  /@esbuild/android-arm@0.17.3:
    resolution: {integrity: sha512-1Mlz934GvbgdDmt26rTLmf03cAgLg5HyOgJN+ZGCeP3Q9ynYTNMn2/LQxIl7Uy+o4K6Rfi2OuLsr12JQQR8gNg==}
    engines: {node: '>=12'}
    cpu: [arm]
    os: [android]
    requiresBuild: true
    dev: true
    optional: true

  /@esbuild/android-x64@0.17.3:
    resolution: {integrity: sha512-nuV2CmLS07Gqh5/GrZLuqkU9Bm6H6vcCspM+zjp9TdQlxJtIe+qqEXQChmfc7nWdyr/yz3h45Utk1tUn8Cz5+A==}
    engines: {node: '>=12'}
    cpu: [x64]
    os: [android]
    requiresBuild: true
    dev: true
    optional: true

  /@esbuild/darwin-arm64@0.17.3:
    resolution: {integrity: sha512-01Hxaaat6m0Xp9AXGM8mjFtqqwDjzlMP0eQq9zll9U85ttVALGCGDuEvra5Feu/NbP5AEP1MaopPwzsTcUq1cw==}
    engines: {node: '>=12'}
    cpu: [arm64]
    os: [darwin]
    requiresBuild: true
    dev: true
    optional: true

  /@esbuild/darwin-x64@0.17.3:
    resolution: {integrity: sha512-Eo2gq0Q/er2muf8Z83X21UFoB7EU6/m3GNKvrhACJkjVThd0uA+8RfKpfNhuMCl1bKRfBzKOk6xaYKQZ4lZqvA==}
    engines: {node: '>=12'}
    cpu: [x64]
    os: [darwin]
    requiresBuild: true
    dev: true
    optional: true

  /@esbuild/freebsd-arm64@0.17.3:
    resolution: {integrity: sha512-CN62ESxaquP61n1ZjQP/jZte8CE09M6kNn3baos2SeUfdVBkWN5n6vGp2iKyb/bm/x4JQzEvJgRHLGd5F5b81w==}
    engines: {node: '>=12'}
    cpu: [arm64]
    os: [freebsd]
    requiresBuild: true
    dev: true
    optional: true

  /@esbuild/freebsd-x64@0.17.3:
    resolution: {integrity: sha512-feq+K8TxIznZE+zhdVurF3WNJ/Sa35dQNYbaqM/wsCbWdzXr5lyq+AaTUSER2cUR+SXPnd/EY75EPRjf4s1SLg==}
    engines: {node: '>=12'}
    cpu: [x64]
    os: [freebsd]
    requiresBuild: true
    dev: true
    optional: true

  /@esbuild/linux-arm64@0.17.3:
    resolution: {integrity: sha512-JHeZXD4auLYBnrKn6JYJ0o5nWJI9PhChA/Nt0G4MvLaMrvXuWnY93R3a7PiXeJQphpL1nYsaMcoV2QtuvRnF/g==}
    engines: {node: '>=12'}
    cpu: [arm64]
    os: [linux]
    requiresBuild: true
    dev: true
    optional: true

  /@esbuild/linux-arm@0.17.3:
    resolution: {integrity: sha512-CLP3EgyNuPcg2cshbwkqYy5bbAgK+VhyfMU7oIYyn+x4Y67xb5C5ylxsNUjRmr8BX+MW3YhVNm6Lq6FKtRTWHQ==}
    engines: {node: '>=12'}
    cpu: [arm]
    os: [linux]
    requiresBuild: true
    dev: true
    optional: true

  /@esbuild/linux-ia32@0.17.3:
    resolution: {integrity: sha512-FyXlD2ZjZqTFh0sOQxFDiWG1uQUEOLbEh9gKN/7pFxck5Vw0qjWSDqbn6C10GAa1rXJpwsntHcmLqydY9ST9ZA==}
    engines: {node: '>=12'}
    cpu: [ia32]
    os: [linux]
    requiresBuild: true
    dev: true
    optional: true

  /@esbuild/linux-loong64@0.17.3:
    resolution: {integrity: sha512-OrDGMvDBI2g7s04J8dh8/I7eSO+/E7nMDT2Z5IruBfUO/RiigF1OF6xoH33Dn4W/OwAWSUf1s2nXamb28ZklTA==}
    engines: {node: '>=12'}
    cpu: [loong64]
    os: [linux]
    requiresBuild: true
    dev: true
    optional: true

  /@esbuild/linux-mips64el@0.17.3:
    resolution: {integrity: sha512-DcnUpXnVCJvmv0TzuLwKBC2nsQHle8EIiAJiJ+PipEVC16wHXaPEKP0EqN8WnBe0TPvMITOUlP2aiL5YMld+CQ==}
    engines: {node: '>=12'}
    cpu: [mips64el]
    os: [linux]
    requiresBuild: true
    dev: true
    optional: true

  /@esbuild/linux-ppc64@0.17.3:
    resolution: {integrity: sha512-BDYf/l1WVhWE+FHAW3FzZPtVlk9QsrwsxGzABmN4g8bTjmhazsId3h127pliDRRu5674k1Y2RWejbpN46N9ZhQ==}
    engines: {node: '>=12'}
    cpu: [ppc64]
    os: [linux]
    requiresBuild: true
    dev: true
    optional: true

  /@esbuild/linux-riscv64@0.17.3:
    resolution: {integrity: sha512-WViAxWYMRIi+prTJTyV1wnqd2mS2cPqJlN85oscVhXdb/ZTFJdrpaqm/uDsZPGKHtbg5TuRX/ymKdOSk41YZow==}
    engines: {node: '>=12'}
    cpu: [riscv64]
    os: [linux]
    requiresBuild: true
    dev: true
    optional: true

  /@esbuild/linux-s390x@0.17.3:
    resolution: {integrity: sha512-Iw8lkNHUC4oGP1O/KhumcVy77u2s6+KUjieUqzEU3XuWJqZ+AY7uVMrrCbAiwWTkpQHkr00BuXH5RpC6Sb/7Ug==}
    engines: {node: '>=12'}
    cpu: [s390x]
    os: [linux]
    requiresBuild: true
    dev: true
    optional: true

  /@esbuild/linux-x64@0.17.3:
    resolution: {integrity: sha512-0AGkWQMzeoeAtXQRNB3s4J1/T2XbigM2/Mn2yU1tQSmQRmHIZdkGbVq2A3aDdNslPyhb9/lH0S5GMTZ4xsjBqg==}
    engines: {node: '>=12'}
    cpu: [x64]
    os: [linux]
    requiresBuild: true
    dev: true
    optional: true

  /@esbuild/netbsd-x64@0.17.3:
    resolution: {integrity: sha512-4+rR/WHOxIVh53UIQIICryjdoKdHsFZFD4zLSonJ9RRw7bhKzVyXbnRPsWSfwybYqw9sB7ots/SYyufL1mBpEg==}
    engines: {node: '>=12'}
    cpu: [x64]
    os: [netbsd]
    requiresBuild: true
    dev: true
    optional: true

  /@esbuild/openbsd-x64@0.17.3:
    resolution: {integrity: sha512-cVpWnkx9IYg99EjGxa5Gc0XmqumtAwK3aoz7O4Dii2vko+qXbkHoujWA68cqXjhh6TsLaQelfDO4MVnyr+ODeA==}
    engines: {node: '>=12'}
    cpu: [x64]
    os: [openbsd]
    requiresBuild: true
    dev: true
    optional: true

  /@esbuild/sunos-x64@0.17.3:
    resolution: {integrity: sha512-RxmhKLbTCDAY2xOfrww6ieIZkZF+KBqG7S2Ako2SljKXRFi+0863PspK74QQ7JpmWwncChY25JTJSbVBYGQk2Q==}
    engines: {node: '>=12'}
    cpu: [x64]
    os: [sunos]
    requiresBuild: true
    dev: true
    optional: true

  /@esbuild/win32-arm64@0.17.3:
    resolution: {integrity: sha512-0r36VeEJ4efwmofxVJRXDjVRP2jTmv877zc+i+Pc7MNsIr38NfsjkQj23AfF7l0WbB+RQ7VUb+LDiqC/KY/M/A==}
    engines: {node: '>=12'}
    cpu: [arm64]
    os: [win32]
    requiresBuild: true
    dev: true
    optional: true

  /@esbuild/win32-ia32@0.17.3:
    resolution: {integrity: sha512-wgO6rc7uGStH22nur4aLFcq7Wh86bE9cOFmfTr/yxN3BXvDEdCSXyKkO+U5JIt53eTOgC47v9k/C1bITWL/Teg==}
    engines: {node: '>=12'}
    cpu: [ia32]
    os: [win32]
    requiresBuild: true
    dev: true
    optional: true

  /@esbuild/win32-x64@0.17.3:
    resolution: {integrity: sha512-FdVl64OIuiKjgXBjwZaJLKp0eaEckifbhn10dXWhysMJkWblg3OEEGKSIyhiD5RSgAya8WzP3DNkngtIg3Nt7g==}
    engines: {node: '>=12'}
    cpu: [x64]
    os: [win32]
    requiresBuild: true
    dev: true
    optional: true

  /@isaacs/cliui@8.0.2:
    resolution: {integrity: sha512-O8jcjabXaleOG9DQ0+ARXWZBTfnP4WNAqzuiJK7ll44AmxGKv/J2M4TPjxjY3znBCfvBXFzucm1twdyFybFqEA==}
    engines: {node: '>=12'}
    dependencies:
      string-width: 5.1.2
      string-width-cjs: /string-width@4.2.3
      strip-ansi: 7.1.0
      strip-ansi-cjs: /strip-ansi@6.0.1
      wrap-ansi: 8.1.0
      wrap-ansi-cjs: /wrap-ansi@7.0.0
    dev: false

  /@lezer/common@1.0.2:
    resolution: {integrity: sha512-SVgiGtMnMnW3ActR8SXgsDhw7a0w0ChHSYAyAUxxrOiJ1OqYWEKk/xJd84tTSPo1mo6DXLObAJALNnd0Hrv7Ng==}
    dev: true

  /@lezer/highlight@1.1.4:
    resolution: {integrity: sha512-IECkFmw2l7sFcYXrV8iT9GeY4W0fU4CxX0WMwhmhMIVjoDdD1Hr6q3G2NqVtLg/yVe5n7i4menG3tJ2r4eCrPQ==}
    dependencies:
      '@lezer/common': 1.0.2
    dev: true

  /@lezer/lr@1.3.4:
    resolution: {integrity: sha512-7o+e4og/QoC/6btozDPJqnzBhUaD1fMfmvnEKQO1wRRiTse1WxaJ3OMEXZJnkgT6HCcTVOctSoXK9jGJw2oe9g==}
    dependencies:
      '@lezer/common': 1.0.2
    dev: true

  /@nodelib/fs.scandir@2.1.5:
    resolution: {integrity: sha512-vq24Bq3ym5HEQm2NKCr3yXDwjc7vTsEThRDnkp2DK9p1uqLR+DHurm/NOTo0KG7HYHU7eppKZj3MyqYuMBf62g==}
    engines: {node: '>= 8'}
    dependencies:
      '@nodelib/fs.stat': 2.0.5
      run-parallel: 1.2.0
    dev: true

  /@nodelib/fs.stat@2.0.5:
    resolution: {integrity: sha512-RkhPPp2zrqDAQA/2jNhnztcPAlv64XdhIp7a7454A5ovI7Bukxgt7MX7udwAu3zg1DcpPU0rz3VV1SeaqvY4+A==}
    engines: {node: '>= 8'}
    dev: true

  /@nodelib/fs.walk@1.2.8:
    resolution: {integrity: sha512-oGB+UxlgWcgQkgwo8GcEGwemoTFt3FIO9ababBmaGwXIoBKZ+GTy0pP185beGg7Llih/NSHSV2XAs1lnznocSg==}
    engines: {node: '>= 8'}
    dependencies:
      '@nodelib/fs.scandir': 2.1.5
      fastq: 1.15.0
    dev: true

  /@pkgjs/parseargs@0.11.0:
    resolution: {integrity: sha512-+1VkjdD0QBLPodGrJUeqarH8VAIvQODIbwh9XpP5Syisf7YoQgsJKPNFoqqLQlu+VQ/tVSshMR6loPMn8U+dPg==}
    engines: {node: '>=14'}
    requiresBuild: true
    dev: false
    optional: true

  /@types/codemirror@0.0.108:
    resolution: {integrity: sha512-3FGFcus0P7C2UOGCNUVENqObEb4SFk+S8Dnxq7K6aIsLVs/vDtlangl3PEO0ykaKXyK56swVF6Nho7VsA44uhw==}
    dependencies:
      '@types/tern': 0.23.4
    dev: true

  /@types/codemirror@5.60.8:
    resolution: {integrity: sha512-VjFgDF/eB+Aklcy15TtOTLQeMjTo07k7KAjql8OK5Dirr7a6sJY4T1uVBDuTVG9VEmn1uUsohOpYnVfgC6/jyw==}
    dependencies:
      '@types/tern': 0.23.4
    dev: true

  /@types/estree@1.0.1:
    resolution: {integrity: sha512-LG4opVs2ANWZ1TJoKc937iMmNstM/d0ae1vNbnBvBhqCSezgVUOzcLCqbI5elV8Vy6WKwKjaqR+zO9VKirBBCA==}
    dev: true

  /@types/json-schema@7.0.11:
    resolution: {integrity: sha512-wOuvG1SN4Us4rez+tylwwwCV1psiNVOkJeM3AUWUNWg/jDQY2+HE/444y5gc+jBmRqASOm2Oeh5c1axHobwRKQ==}
    dev: true

  /@types/node@16.18.26:
    resolution: {integrity: sha512-pCNBzNQqCXE4A6FWDmrn/o1Qu+qBf8tnorBlNoPNSBQJF+jXzvTKNI/aMiE+hGJbK5sDAD65g7OS/YwSHIEJdw==}
    dev: true

  /@types/tern@0.23.4:
    resolution: {integrity: sha512-JAUw1iXGO1qaWwEOzxTKJZ/5JxVeON9kvGZ/osgZaJImBnyjyn0cjovPsf6FNLmyGY8Vw9DoXZCMlfMkMwHRWg==}
    dependencies:
      '@types/estree': 1.0.1
    dev: true

  /@types/underscore@1.11.4:
    resolution: {integrity: sha512-uO4CD2ELOjw8tasUrAhvnn2W4A0ZECOvMjCivJr4gA9pGgjv+qxKWY9GLTMVEK8ej85BxQOocUyE7hImmSQYcg==}
    dev: false

  /@typescript-eslint/eslint-plugin@5.29.0(@typescript-eslint/parser@5.29.0)(typescript@4.7.4):
    resolution: {integrity: sha512-kgTsISt9pM53yRFQmLZ4npj99yGl3x3Pl7z4eA66OuTzAGC4bQB5H5fuLwPnqTKU3yyrrg4MIhjF17UYnL4c0w==}
    engines: {node: ^12.22.0 || ^14.17.0 || >=16.0.0}
    peerDependencies:
      '@typescript-eslint/parser': ^5.0.0
      eslint: ^6.0.0 || ^7.0.0 || ^8.0.0
      typescript: '*'
    peerDependenciesMeta:
      typescript:
        optional: true
    dependencies:
      '@typescript-eslint/parser': 5.29.0(typescript@4.7.4)
      '@typescript-eslint/scope-manager': 5.29.0
      '@typescript-eslint/type-utils': 5.29.0(typescript@4.7.4)
      '@typescript-eslint/utils': 5.29.0(typescript@4.7.4)
      debug: 4.3.4
      functional-red-black-tree: 1.0.1
      ignore: 5.2.4
      regexpp: 3.2.0
      semver: 7.5.0
      tsutils: 3.21.0(typescript@4.7.4)
      typescript: 4.7.4
    transitivePeerDependencies:
      - supports-color
    dev: true

  /@typescript-eslint/parser@5.29.0(typescript@4.7.4):
    resolution: {integrity: sha512-ruKWTv+x0OOxbzIw9nW5oWlUopvP/IQDjB5ZqmTglLIoDTctLlAJpAQFpNPJP/ZI7hTT9sARBosEfaKbcFuECw==}
    engines: {node: ^12.22.0 || ^14.17.0 || >=16.0.0}
    peerDependencies:
      eslint: ^6.0.0 || ^7.0.0 || ^8.0.0
      typescript: '*'
    peerDependenciesMeta:
      typescript:
        optional: true
    dependencies:
      '@typescript-eslint/scope-manager': 5.29.0
      '@typescript-eslint/types': 5.29.0
      '@typescript-eslint/typescript-estree': 5.29.0(typescript@4.7.4)
      debug: 4.3.4
      typescript: 4.7.4
    transitivePeerDependencies:
      - supports-color
    dev: true

  /@typescript-eslint/scope-manager@5.29.0:
    resolution: {integrity: sha512-etbXUT0FygFi2ihcxDZjz21LtC+Eps9V2xVx09zFoN44RRHPrkMflidGMI+2dUs821zR1tDS6Oc9IXxIjOUZwA==}
    engines: {node: ^12.22.0 || ^14.17.0 || >=16.0.0}
    dependencies:
      '@typescript-eslint/types': 5.29.0
      '@typescript-eslint/visitor-keys': 5.29.0
    dev: true

  /@typescript-eslint/type-utils@5.29.0(typescript@4.7.4):
    resolution: {integrity: sha512-JK6bAaaiJozbox3K220VRfCzLa9n0ib/J+FHIwnaV3Enw/TO267qe0pM1b1QrrEuy6xun374XEAsRlA86JJnyg==}
    engines: {node: ^12.22.0 || ^14.17.0 || >=16.0.0}
    peerDependencies:
      eslint: '*'
      typescript: '*'
    peerDependenciesMeta:
      typescript:
        optional: true
    dependencies:
      '@typescript-eslint/utils': 5.29.0(typescript@4.7.4)
      debug: 4.3.4
      tsutils: 3.21.0(typescript@4.7.4)
      typescript: 4.7.4
    transitivePeerDependencies:
      - supports-color
    dev: true

  /@typescript-eslint/types@5.29.0:
    resolution: {integrity: sha512-X99VbqvAXOMdVyfFmksMy3u8p8yoRGITgU1joBJPzeYa0rhdf5ok9S56/itRoUSh99fiDoMtarSIJXo7H/SnOg==}
    engines: {node: ^12.22.0 || ^14.17.0 || >=16.0.0}
    dev: true

  /@typescript-eslint/typescript-estree@5.29.0(typescript@4.7.4):
    resolution: {integrity: sha512-mQvSUJ/JjGBdvo+1LwC+GY2XmSYjK1nAaVw2emp/E61wEVYEyibRHCqm1I1vEKbXCpUKuW4G7u9ZCaZhJbLoNQ==}
    engines: {node: ^12.22.0 || ^14.17.0 || >=16.0.0}
    peerDependencies:
      typescript: '*'
    peerDependenciesMeta:
      typescript:
        optional: true
    dependencies:
      '@typescript-eslint/types': 5.29.0
      '@typescript-eslint/visitor-keys': 5.29.0
      debug: 4.3.4
      globby: 11.1.0
      is-glob: 4.0.3
      semver: 7.5.0
      tsutils: 3.21.0(typescript@4.7.4)
      typescript: 4.7.4
    transitivePeerDependencies:
      - supports-color
    dev: true

  /@typescript-eslint/utils@5.29.0(typescript@4.7.4):
    resolution: {integrity: sha512-3Eos6uP1nyLOBayc/VUdKZikV90HahXE5Dx9L5YlSd/7ylQPXhLk1BYb29SDgnBnTp+jmSZUU0QxUiyHgW4p7A==}
    engines: {node: ^12.22.0 || ^14.17.0 || >=16.0.0}
    peerDependencies:
      eslint: ^6.0.0 || ^7.0.0 || ^8.0.0
    dependencies:
      '@types/json-schema': 7.0.11
      '@typescript-eslint/scope-manager': 5.29.0
      '@typescript-eslint/types': 5.29.0
      '@typescript-eslint/typescript-estree': 5.29.0(typescript@4.7.4)
      eslint-scope: 5.1.1
      eslint-utils: 3.0.0
    transitivePeerDependencies:
      - supports-color
      - typescript
    dev: true

  /@typescript-eslint/visitor-keys@5.29.0:
    resolution: {integrity: sha512-Hpb/mCWsjILvikMQoZIE3voc9wtQcS0A9FUw3h8bhr9UxBdtI/tw1ZDZUOXHXLOVMedKCH5NxyzATwnU78bWCQ==}
    engines: {node: ^12.22.0 || ^14.17.0 || >=16.0.0}
    dependencies:
      '@typescript-eslint/types': 5.29.0
      eslint-visitor-keys: 3.4.1
    dev: true

  /ansi-regex@5.0.1:
    resolution: {integrity: sha512-quJQXlTSUGL2LH9SUXo8VwsY4soanhgo6LNSm84E1LBcE8s3O0wpdiRzyR9z/ZZJMlMWv37qOOb9pdJlMUEKFQ==}
    engines: {node: '>=8'}
    dev: false

  /ansi-regex@6.0.1:
    resolution: {integrity: sha512-n5M855fKb2SsfMIiFFoVrABHJC8QtHwVx+mHWP3QcEqBHYienj5dHSgjbxtC0WEZXYt4wcD6zrQElDPhFuZgfA==}
    engines: {node: '>=12'}
    dev: false

  /ansi-styles@4.3.0:
    resolution: {integrity: sha512-zbB9rCJAT1rbjiVDb2hqKFHNYLxgtk8NURxZ3IZwD3F6NtxbXZQCnnSi1Lkx+IDohdPlFp222wVALIheZJQSEg==}
    engines: {node: '>=8'}
    dependencies:
      color-convert: 2.0.1
    dev: false

  /ansi-styles@6.2.1:
    resolution: {integrity: sha512-bN798gFfQX+viw3R7yrGWRqnrN2oRkEkUjjl4JNn4E8GxxbjtG3FbrEIIY3l8/hrwUwIeCZvi4QuOTP4MErVug==}
    engines: {node: '>=12'}
    dev: false

  /array-union@2.1.0:
    resolution: {integrity: sha512-HGyxoOTYUyCM6stUe6EJgnd4EoewAI7zMdfqO+kGjnlZmBDz/cR5pf8r/cR4Wq60sL/p0IkcjUEEPwS3GFrIyw==}
    engines: {node: '>=8'}
    dev: true

  /balanced-match@1.0.2:
    resolution: {integrity: sha512-3oSeUO0TMV67hN1AmbXsK4yaqU7tjiHlbxRDZOpH0KW9+CeX4bRAaX0Anxt0tx2MrpRpWwQaPwIlISEJhYU5Pw==}
    dev: false

  /brace-expansion@2.0.1:
    resolution: {integrity: sha512-XnAIvQ8eM+kC6aULx6wuQiwVsnzsi9d3WxzV3FpWTGA19F621kwdbsAcFKXgKUHZWsy+mY6iL1sHTxWEFCytDA==}
    dependencies:
      balanced-match: 1.0.2
    dev: false

  /braces@3.0.2:
    resolution: {integrity: sha512-b8um+L1RzM3WDSzvhm6gIz1yfTbBt6YTlcEKAvsmqCZZFw46z626lVj9j1yEPW33H5H+lBQpZMP1k8l+78Ha0A==}
    engines: {node: '>=8'}
    dependencies:
      fill-range: 7.0.1
    dev: true

  /builtin-modules@3.3.0:
    resolution: {integrity: sha512-zhaCDicdLuWN5UbN5IMnFqNMhNfo919sH85y2/ea+5Yg9TsTkeZxpL+JLbp6cgYFS4sRLp3YV4S6yDuqVWHYOw==}
    engines: {node: '>=6'}
    dev: true

  /charenc@0.0.2:
    resolution: {integrity: sha512-yrLQ/yVUFXkzg7EDQsPieE/53+0RlaWTs+wBrvW36cyilJ2SaDWfl4Yj7MtLTXleV9uEKefbAGUPv2/iWSooRA==}
    dev: false

  /color-convert@2.0.1:
    resolution: {integrity: sha512-RRECPsj7iu/xb5oKYcsFHSppFNnsj/52OVTRKb4zP5onXwVF3zVmmToNcOfGC+CRDpfK/U584fMg38ZHCaElKQ==}
    engines: {node: '>=7.0.0'}
    dependencies:
      color-name: 1.1.4
    dev: false

  /color-name@1.1.4:
    resolution: {integrity: sha512-dOy+3AuW3a2wNbZHIuMZpTcgjGuLU/uBL/ubcZF9OXbDo8ff4O8yVp5Bf0efS8uEoYo5q4Fx7dY9OgQGXgAsQA==}
    dev: false

  /cross-spawn@7.0.3:
    resolution: {integrity: sha512-iRDPJKUPVEND7dHPO8rkbOnPpyDygcDFtWjpeWNCgy8WP2rXcxXL8TskReQl6OrB2G7+UJrags1q15Fudc7G6w==}
    engines: {node: '>= 8'}
    dependencies:
      path-key: 3.1.1
      shebang-command: 2.0.0
      which: 2.0.2
    dev: false

  /crypt@0.0.2:
    resolution: {integrity: sha512-mCxBlsHFYh9C+HVpiEacem8FEBnMXgU9gy4zmNC+SXAZNB/1idgp/aulFJ4FgCi7GPEVbfyng092GqL2k2rmow==}
    dev: false

  /crypto-js@4.1.1:
    resolution: {integrity: sha512-o2JlM7ydqd3Qk9CA0L4NL6mTzU2sdx96a+oOfPu8Mkl/PK51vSyoi8/rQ8NknZtk44vq15lmhAj9CIAGwgeWKw==}
    dev: false

  /debug@4.3.4:
    resolution: {integrity: sha512-PRWFHuSU3eDtQJPvnNY7Jcket1j0t5OuOsFzPPzsekD52Zl8qUfFIPEiswXqIvHWGVHOgX+7G/vCNNhehwxfkQ==}
    engines: {node: '>=6.0'}
    peerDependencies:
      supports-color: '*'
    peerDependenciesMeta:
      supports-color:
        optional: true
    dependencies:
      ms: 2.1.2
    dev: true

  /dir-glob@3.0.1:
    resolution: {integrity: sha512-WkrWp9GR4KXfKGYzOLmTuGVi1UWFfws377n9cc55/tb6DuqyF6pcQ5AbiHEshaDpY9v6oaSr2XCDidGmMwdzIA==}
    engines: {node: '>=8'}
    dependencies:
      path-type: 4.0.0
    dev: true

  /eastasianwidth@0.2.0:
    resolution: {integrity: sha512-I88TYZWc9XiYHRQ4/3c5rjjfgkjhLyW2luGIheGERbNQ6OY7yTybanSpDXZa8y7VUP9YmDcYa+eyq4ca7iLqWA==}
    dev: false

  /emoji-regex@10.2.1:
    resolution: {integrity: sha512-97g6QgOk8zlDRdgq1WxwgTMgEWGVAQvB5Fdpgc1MkNy56la5SKP9GsMXKDOdqwn90/41a8yPwIGk1Y6WVbeMQA==}
    dev: true

  /emoji-regex@8.0.0:
    resolution: {integrity: sha512-MSjYzcWNOA0ewAHpz0MxpYFvwg6yjy1NG3xteoqz644VCo/RPgnr1/GGt+ic3iJTzQ8Eu3TdM14SawnVUmGE6A==}
    dev: false

  /emoji-regex@9.2.2:
    resolution: {integrity: sha512-L18DaJsXSUk2+42pv8mLs5jJT2hqFkFE4j21wOmgbUqsZ2hL72NsUU785g9RXgo3s0ZNgVl42TiHp3ZtOv/Vyg==}
    dev: false

  /esbuild@0.17.3:
    resolution: {integrity: sha512-9n3AsBRe6sIyOc6kmoXg2ypCLgf3eZSraWFRpnkto+svt8cZNuKTkb1bhQcitBcvIqjNiK7K0J3KPmwGSfkA8g==}
    engines: {node: '>=12'}
    hasBin: true
    requiresBuild: true
    optionalDependencies:
      '@esbuild/android-arm': 0.17.3
      '@esbuild/android-arm64': 0.17.3
      '@esbuild/android-x64': 0.17.3
      '@esbuild/darwin-arm64': 0.17.3
      '@esbuild/darwin-x64': 0.17.3
      '@esbuild/freebsd-arm64': 0.17.3
      '@esbuild/freebsd-x64': 0.17.3
      '@esbuild/linux-arm': 0.17.3
      '@esbuild/linux-arm64': 0.17.3
      '@esbuild/linux-ia32': 0.17.3
      '@esbuild/linux-loong64': 0.17.3
      '@esbuild/linux-mips64el': 0.17.3
      '@esbuild/linux-ppc64': 0.17.3
      '@esbuild/linux-riscv64': 0.17.3
      '@esbuild/linux-s390x': 0.17.3
      '@esbuild/linux-x64': 0.17.3
      '@esbuild/netbsd-x64': 0.17.3
      '@esbuild/openbsd-x64': 0.17.3
      '@esbuild/sunos-x64': 0.17.3
      '@esbuild/win32-arm64': 0.17.3
      '@esbuild/win32-ia32': 0.17.3
      '@esbuild/win32-x64': 0.17.3
    dev: true

  /eslint-scope@5.1.1:
    resolution: {integrity: sha512-2NxwbF/hZ0KpepYN0cNbo+FN6XoK7GaHlQhgx/hIZl6Va0bF45RQOOwhLIy8lQDbuCiadSLCBnH2CFYquit5bw==}
    engines: {node: '>=8.0.0'}
    dependencies:
      esrecurse: 4.3.0
      estraverse: 4.3.0
    dev: true

  /eslint-utils@3.0.0:
    resolution: {integrity: sha512-uuQC43IGctw68pJA1RgbQS8/NP7rch6Cwd4j3ZBtgo4/8Flj4eGE7ZYSZRN3iq5pVUv6GPdW5Z1RFleo84uLDA==}
    engines: {node: ^10.0.0 || ^12.0.0 || >= 14.0.0}
    peerDependencies:
      eslint: '>=5'
    dependencies:
      eslint-visitor-keys: 2.1.0
    dev: true

  /eslint-visitor-keys@2.1.0:
    resolution: {integrity: sha512-0rSmRBzXgDzIsD6mGdJgevzgezI534Cer5L/vyMX0kHzT/jiB43jRhd9YUlMGYLQy2zprNmoT8qasCGtY+QaKw==}
    engines: {node: '>=10'}
    dev: true

  /eslint-visitor-keys@3.4.1:
    resolution: {integrity: sha512-pZnmmLwYzf+kWaM/Qgrvpen51upAktaaiI01nsJD/Yr3lMOdNtq0cxkrrg16w64VtisN6okbs7Q8AfGqj4c9fA==}
    engines: {node: ^12.22.0 || ^14.17.0 || >=16.0.0}
    dev: true

  /esrecurse@4.3.0:
    resolution: {integrity: sha512-KmfKL3b6G+RXvP8N1vr3Tq1kL/oCFgn2NYXEtqP8/L3pKapUA4G8cFVaoF3SU323CD4XypR/ffioHmkti6/Tag==}
    engines: {node: '>=4.0'}
    dependencies:
      estraverse: 5.3.0
    dev: true

  /estraverse@4.3.0:
    resolution: {integrity: sha512-39nnKffWz8xN1BU/2c79n9nB9HDzo0niYUqx6xyqUnyoAnQyyWpOTdZEeiCch8BBu515t4wp9ZmgVfVhn9EBpw==}
    engines: {node: '>=4.0'}
    dev: true

  /estraverse@5.3.0:
    resolution: {integrity: sha512-MMdARuVEQziNTeJD8DgMqmhwR11BRQ/cBP+pLtYdSTnf3MIO8fFeiINEbX36ZdNlfU/7A9f3gUw49B3oQsvwBA==}
    engines: {node: '>=4.0'}
    dev: true

  /fast-glob@3.2.12:
    resolution: {integrity: sha512-DVj4CQIYYow0BlaelwK1pHl5n5cRSJfM60UA0zK891sVInoPri2Ekj7+e1CT3/3qxXenpI+nBBmQAcJPJgaj4w==}
    engines: {node: '>=8.6.0'}
    dependencies:
      '@nodelib/fs.stat': 2.0.5
      '@nodelib/fs.walk': 1.2.8
      glob-parent: 5.1.2
      merge2: 1.4.1
      micromatch: 4.0.5
    dev: true

  /fastq@1.15.0:
    resolution: {integrity: sha512-wBrocU2LCXXa+lWBt8RoIRD89Fi8OdABODa/kEnyeyjS5aZO5/GNvI5sEINADqP/h8M29UHTHUb53sUu5Ihqdw==}
    dependencies:
      reusify: 1.0.4
    dev: true

  /fill-range@7.0.1:
    resolution: {integrity: sha512-qOo9F+dMUmC2Lcb4BbVvnKJxTPjCm+RRpe4gDuGrzkL7mEVl/djYSu2OdQ2Pa302N4oqkSg9ir6jaLWJ2USVpQ==}
    engines: {node: '>=8'}
    dependencies:
      to-regex-range: 5.0.1
    dev: true

  /foreground-child@3.1.1:
    resolution: {integrity: sha512-TMKDUnIte6bfb5nWv7V/caI169OHgvwjb7V4WkeUvbQQdjr5rWKqHFiKWb/fcOwB+CzBT+qbWjvj+DVwRskpIg==}
    engines: {node: '>=14'}
    dependencies:
      cross-spawn: 7.0.3
      signal-exit: 4.0.2
    dev: false

  /functional-red-black-tree@1.0.1:
    resolution: {integrity: sha512-dsKNQNdj6xA3T+QlADDA7mOSlX0qiMINjn0cgr+eGHGsbSHzTabcIogz2+p/iqP1Xs6EP/sS2SbqH+brGTbq0g==}
    dev: true

  /glob-parent@5.1.2:
    resolution: {integrity: sha512-AOIgSQCepiJYwP3ARnGx+5VnTu2HBYdzbGP45eLw1vr3zB3vZLeyed1sC9hnbcOc9/SrMyM5RPQrkGz4aS9Zow==}
    engines: {node: '>= 6'}
    dependencies:
      is-glob: 4.0.3
    dev: true

  /glob@10.3.3:
    resolution: {integrity: sha512-92vPiMb/iqpmEgsOoIDvTjc50wf9CCCvMzsi6W0JLPeUKE8TWP1a73PgqSrqy7iAZxaSD1YdzU7QZR5LF51MJw==}
    engines: {node: '>=16 || 14 >=14.17'}
    hasBin: true
    dependencies:
      foreground-child: 3.1.1
      jackspeak: 2.2.1
      minimatch: 9.0.3
      minipass: 7.0.2
      path-scurry: 1.10.1
    dev: false

  /globby@11.1.0:
    resolution: {integrity: sha512-jhIXaOzy1sb8IyocaruWSn1TjmnBVs8Ayhcy83rmxNJ8q2uWKCAj3CnJY+KpGSXCueAPc0i05kVvVKtP1t9S3g==}
    engines: {node: '>=10'}
    dependencies:
      array-union: 2.1.0
      dir-glob: 3.0.1
      fast-glob: 3.2.12
      ignore: 5.2.4
      merge2: 1.4.1
      slash: 3.0.0
    dev: true

  /ignore@5.2.4:
    resolution: {integrity: sha512-MAb38BcSbH0eHNBxn7ql2NH/kX33OkB3lZ1BNdh7ENeRChHTYsTvWrMubiIAMNS2llXEEgZ1MUOBtXChP3kaFQ==}
    engines: {node: '>= 4'}
    dev: true

  /immediate@3.0.6:
    resolution: {integrity: sha512-XXOFtyqDjNDAQxVfYxuF7g9Il/IbWmmlQg2MYKOH8ExIT1qg6xc4zyS3HaEEATgs1btfzxq15ciUiY7gjSXRGQ==}
    dev: true

  /is-buffer@1.1.6:
    resolution: {integrity: sha512-NcdALwpXkTm5Zvvbk7owOUSvVvBKDgKP5/ewfXEznmQFfs4ZRmanOeKBTjRVjka3QFoN6XJ+9F3USqfHqTaU5w==}
    dev: false

  /is-extglob@2.1.1:
    resolution: {integrity: sha512-SbKbANkN603Vi4jEZv49LeVJMn4yGwsbzZworEoyEiutsN3nJYdbO36zfhGJ6QEDpOZIFkDtnq5JRxmvl3jsoQ==}
    engines: {node: '>=0.10.0'}
    dev: true

  /is-fullwidth-code-point@3.0.0:
    resolution: {integrity: sha512-zymm5+u+sCsSWyD9qNaejV3DFvhCKclKdizYaJUuHA83RLjb7nSuGnddCHGv0hk+KY7BMAlsWeK4Ueg6EV6XQg==}
    engines: {node: '>=8'}
    dev: false

  /is-glob@4.0.3:
    resolution: {integrity: sha512-xelSayHH36ZgE7ZWhli7pW34hNbNl8Ojv5KVmkJD4hBdD3th8Tfk9vYasLM+mXWOZhFkgZfxhLSnrwRr4elSSg==}
    engines: {node: '>=0.10.0'}
    dependencies:
      is-extglob: 2.1.1
    dev: true

  /is-number@7.0.0:
    resolution: {integrity: sha512-41Cifkg6e8TylSpdtTpeLVMqvSBEVzTttHvERD741+pnZ8ANv0004MRL43QKPDlK9cGvNp6NZWZUBlbGXYxxng==}
    engines: {node: '>=0.12.0'}
    dev: true

  /isexe@2.0.0:
    resolution: {integrity: sha512-RHxMLp9lnKHGHRng9QFhRCMbYAcVpn69smSGcq3f36xjgVVWThj4qqLbTLlq7Ssj8B+fIQ1EuCEGI2lKsyQeIw==}
    dev: false

  /jackspeak@2.2.1:
    resolution: {integrity: sha512-MXbxovZ/Pm42f6cDIDkl3xpwv1AGwObKwfmjs2nQePiy85tP3fatofl3FC1aBsOtP/6fq5SbtgHwWcMsLP+bDw==}
    engines: {node: '>=14'}
    dependencies:
      '@isaacs/cliui': 8.0.2
    optionalDependencies:
      '@pkgjs/parseargs': 0.11.0
    dev: false

  /lie@3.1.1:
    resolution: {integrity: sha512-RiNhHysUjhrDQntfYSfY4MU24coXXdEOgw9WGcKHNeEwffDYbF//u87M1EWaMGzuFoSbqW0C9C6lEEhDOAswfw==}
    dependencies:
      immediate: 3.0.6
    dev: true

  /localforage@1.10.0:
    resolution: {integrity: sha512-14/H1aX7hzBBmmh7sGPd+AOMkkIrHM3Z1PAyGgZigA1H1p5O5ANnMyWzvpAETtG68/dC4pC0ncy3+PPGzXZHPg==}
    dependencies:
      lie: 3.1.1
    dev: true

  /lru-cache@10.0.0:
    resolution: {integrity: sha512-svTf/fzsKHffP42sujkO/Rjs37BCIsQVRCeNYIm9WN8rgT7ffoUnRtZCqU+6BqcSBdv8gwJeTz8knJpgACeQMw==}
    engines: {node: 14 || >=16.14}
    dev: false

  /lru-cache@6.0.0:
    resolution: {integrity: sha512-Jo6dJ04CmSjuznwJSS3pUeWmd/H0ffTlkXXgwZi+eq1UCmqQwCh+eLsYOYCwY991i2Fah4h1BEMCx4qThGbsiA==}
    engines: {node: '>=10'}
    dependencies:
      yallist: 4.0.0
    dev: true

  /luxon@3.3.0:
    resolution: {integrity: sha512-An0UCfG/rSiqtAIiBPO0Y9/zAnHUZxAMiCpTd5h2smgsj7GGmcenvrvww2cqNA8/4A5ZrD1gJpHN2mIHZQF+Mg==}
    engines: {node: '>=12'}
    dev: true

  /md5@2.3.0:
    resolution: {integrity: sha512-T1GITYmFaKuO91vxyoQMFETst+O71VUPEU3ze5GNzDm0OWdP8v1ziTaAEPUr/3kLsY3Sftgz242A1SetQiDL7g==}
    dependencies:
      charenc: 0.0.2
      crypt: 0.0.2
      is-buffer: 1.1.6
    dev: false

  /merge2@1.4.1:
    resolution: {integrity: sha512-8q7VEgMJW4J8tcfVPy8g09NcQwZdbwFEqhe/WZkoIzjn/3TGDwtOCYtXGxA3O8tPzpczCCDgv+P2P5y00ZJOOg==}
    engines: {node: '>= 8'}
    dev: true

  /micromatch@4.0.5:
    resolution: {integrity: sha512-DMy+ERcEW2q8Z2Po+WNXuw3c5YaUSFjAO5GsJqfEl7UjvtIuFKO6ZrKvcItdy98dwFI2N1tg3zNIdKaQT+aNdA==}
    engines: {node: '>=8.6'}
    dependencies:
      braces: 3.0.2
      picomatch: 2.3.1
    dev: true

  /minimatch@9.0.3:
    resolution: {integrity: sha512-RHiac9mvaRw0x3AYRgDC1CxAP7HTcNrrECeA8YYJeWnpo+2Q5CegtZjaotWTWxDG3UeGA1coE05iH1mPjT/2mg==}
    engines: {node: '>=16 || 14 >=14.17'}
    dependencies:
      brace-expansion: 2.0.1
    dev: false

  /minipass@7.0.2:
    resolution: {integrity: sha512-eL79dXrE1q9dBbDCLg7xfn/vl7MS4F1gvJAgjJrQli/jbQWdUttuVawphqpffoIYfRdq78LHx6GP4bU/EQ2ATA==}
    engines: {node: '>=16 || 14 >=14.17'}
    dev: false

  /moment@2.29.4:
    resolution: {integrity: sha512-5LC9SOxjSc2HF6vO2CyuTDNivEdoz2IvyJJGj6X8DJ0eFyfszE0QiEd+iXmBvUP3WHxSjFH/vIsA0EN00cgr8w==}
    dev: true

  /ms@2.1.2:
    resolution: {integrity: sha512-sGkPx+VjMtmA6MX27oA4FBFELFCZZ4S4XqeGOXCv68tT+jb3vk/RyaKWP0PTKyWtmLSM0b+adUTEvbs1PEaH2w==}
    dev: true

  /obsidian-calendar-ui@0.3.12(@codemirror/state@6.2.0)(@codemirror/view@6.11.0):
    resolution: {integrity: sha512-hdoRqCPnukfRgCARgArXaqMQZ+Iai0eY7f0ZsFHHfywpv4gKg3Tx5p47UsLvRO5DD+4knlbrL7Gel57MkfcLTw==}
    dependencies:
      obsidian-daily-notes-interface: 0.8.4(@codemirror/state@6.2.0)(@codemirror/view@6.11.0)
      svelte: 3.35.0
      tslib: 2.1.0
    transitivePeerDependencies:
      - '@codemirror/state'
      - '@codemirror/view'
    dev: true

  /obsidian-daily-notes-interface@0.8.4(@codemirror/state@6.2.0)(@codemirror/view@6.11.0):
    resolution: {integrity: sha512-REKQtAuIOKDbvNH/th1C1gWmJWCP5tRn9T/mfZGZt4Zncgko7McXK0aSKFtEInipvgbZJ2nScivvyLdiWluSMw==}
    hasBin: true
    dependencies:
      obsidian: github.com/obsidianmd/obsidian-api/971b9e83ca65f0c3655346938167f666a8a868ff(@codemirror/state@6.2.0)(@codemirror/view@6.11.0)
      tslib: 2.1.0
    transitivePeerDependencies:
      - '@codemirror/state'
      - '@codemirror/view'
    dev: true

  /obsidian-dataview@0.5.55:
    resolution: {integrity: sha512-t52I2ebvO6gCUakfJvuQb7qbNx0yKTdfJJAlJvyyj8+DliwM5wZXFMEio+YVLlXMyRSw2ZGq8eGp19anEIuDbg==}
    dependencies:
      '@codemirror/language': github.com/lishid/cm-language/1aadcc247f20ccfda76424a9f853dbb4ee203fdc
      '@codemirror/state': 6.2.0
      '@codemirror/view': 6.11.0
      emoji-regex: 10.2.1
      localforage: 1.10.0
      luxon: 3.3.0
      obsidian-calendar-ui: 0.3.12(@codemirror/state@6.2.0)(@codemirror/view@6.11.0)
      papaparse: 5.4.1
      parsimmon: 1.18.1
      preact: 10.13.2
    dev: true

  /obsidian@1.2.8:
    resolution: {integrity: sha512-HrC+feA8o0tXspj4lEAqxb1btwLwHD2oHXSwbbN+CdRHURqbCkuIDLld+nkuyJ1w1c9uvVDRVk8BoeOnWheOrQ==}
    peerDependencies:
      '@codemirror/state': ^6.0.0
      '@codemirror/view': ^6.0.0
    dependencies:
      '@types/codemirror': 0.0.108
      moment: 2.29.4
    dev: true

  /papaparse@5.4.1:
    resolution: {integrity: sha512-HipMsgJkZu8br23pW15uvo6sib6wne/4woLZPlFf3rpDyMe9ywEXUsuD7+6K9PRkJlVT51j/sCOYDKGGS3ZJrw==}
    dev: true

  /parsimmon@1.18.1:
    resolution: {integrity: sha512-u7p959wLfGAhJpSDJVYXoyMCXWYwHia78HhRBWqk7AIbxdmlrfdp5wX0l3xv/iTSH5HvhN9K7o26hwwpgS5Nmw==}
    dev: true

  /path-key@3.1.1:
    resolution: {integrity: sha512-ojmeN0qd+y0jszEtoY48r0Peq5dwMEkIlCOu6Q5f41lfkswXuKtYrhgoTpLnyIcHm24Uhqx+5Tqm2InSwLhE6Q==}
    engines: {node: '>=8'}
    dev: false

  /path-scurry@1.10.1:
    resolution: {integrity: sha512-MkhCqzzBEpPvxxQ71Md0b1Kk51W01lrYvlMzSUaIzNsODdd7mqhiimSZlr+VegAz5Z6Vzt9Xg2ttE//XBhH3EQ==}
    engines: {node: '>=16 || 14 >=14.17'}
    dependencies:
      lru-cache: 10.0.0
      minipass: 7.0.2
    dev: false

  /path-type@4.0.0:
    resolution: {integrity: sha512-gDKb8aZMDeD/tZWs9P6+q0J9Mwkdl6xMV8TjnGP3qJVJ06bdMgkbBlLU8IdfOsIsFz2BW1rNVT3XuNEl8zPAvw==}
    engines: {node: '>=8'}
    dev: true

  /picomatch@2.3.1:
    resolution: {integrity: sha512-JU3teHTNjmE2VCGFzuY8EXzCDVwEqB2a8fsIvwaStHhAWJEeVd1o1QD80CU6+ZdEXXSLbSsuLwJjkCBWqRQUVA==}
    engines: {node: '>=8.6'}
    dev: true

  /preact@10.13.2:
    resolution: {integrity: sha512-q44QFLhOhty2Bd0Y46fnYW0gD/cbVM9dUVtNTDKPcdXSMA7jfY+Jpd6rk3GB0lcQss0z5s/6CmVP0Z/hV+g6pw==}
    dev: true

  /queue-microtask@1.2.3:
    resolution: {integrity: sha512-NuaNSa6flKT5JaSYQzJok04JzTL1CA6aGhv5rfLW3PgqA+M2ChpZQnAC8h8i4ZFkBS8X5RqkDBHA7r4hej3K9A==}
    dev: true

  /regexpp@3.2.0:
    resolution: {integrity: sha512-pq2bWo9mVD43nbts2wGv17XLiNLya+GklZ8kaDLV2Z08gDCsGpnKn9BFMepvWuHCbyVvY7J5o5+BVvoQbmlJLg==}
    engines: {node: '>=8'}
    dev: true

  /reusify@1.0.4:
    resolution: {integrity: sha512-U9nH88a3fc/ekCF1l0/UP1IosiuIjyTh7hBvXVMHYgVcfGvt897Xguj2UOLDeI5BG2m7/uwyaLVT6fbtCwTyzw==}
    engines: {iojs: '>=1.0.0', node: '>=0.10.0'}
    dev: true

  /run-parallel@1.2.0:
    resolution: {integrity: sha512-5l4VyZR86LZ/lDxZTR6jqL8AFE2S0IFLMP26AbjsLVADxHdhB/c0GUsH+y39UfCi3dzz8OlQuPmnaJOMoDHQBA==}
    dependencies:
      queue-microtask: 1.2.3
    dev: true

  /scoped-eval@0.4.2:
    resolution: {integrity: sha512-cewe5fPPQz1CfEcTdQtUnPCCaX2GWoGHuKnRjtkFfKu1EQlhaQEDjWs366X/1YzlwjgWuiR1tanAqbECssLtkw==}
    engines: {node: '>=10.0.0'}
    dev: false

  /semver@7.5.0:
    resolution: {integrity: sha512-+XC0AD/R7Q2mPSRuy2Id0+CGTZ98+8f+KvwirxOKIEyid+XSx6HbC63p+O4IndTHuX5Z+JxQ0TghCkO5Cg/2HA==}
    engines: {node: '>=10'}
    hasBin: true
    dependencies:
      lru-cache: 6.0.0
    dev: true

  /shebang-command@2.0.0:
    resolution: {integrity: sha512-kHxr2zZpYtdmrN1qDjrrX/Z1rR1kG8Dx+gkpK1G4eXmvXswmcE1hTWBWYUzlraYw1/yZp6YuDY77YtvbN0dmDA==}
    engines: {node: '>=8'}
    dependencies:
      shebang-regex: 3.0.0
    dev: false

  /shebang-regex@3.0.0:
    resolution: {integrity: sha512-7++dFhtcx3353uBaq8DDR4NuxBetBzC7ZQOhmTQInHEd6bSrXdiEyzCvG07Z44UYdLShWUyXt5M/yhz8ekcb1A==}
    engines: {node: '>=8'}
    dev: false

  /signal-exit@4.0.2:
    resolution: {integrity: sha512-MY2/qGx4enyjprQnFaZsHib3Yadh3IXyV2C321GY0pjGfVBu4un0uDJkwgdxqO+Rdx8JMT8IfJIRwbYVz3Ob3Q==}
    engines: {node: '>=14'}
    dev: false

  /slash@3.0.0:
    resolution: {integrity: sha512-g9Q1haeby36OSStwb4ntCGGGaKsaVSjQ68fBxoQcutl5fS1vuY18H3wSt3jFyFtrkx+Kz0V1G85A4MyAdDMi2Q==}
    engines: {node: '>=8'}
    dev: true

  /string-width@4.2.3:
    resolution: {integrity: sha512-wKyQRQpjJ0sIp62ErSZdGsjMJWsap5oRNihHhu6G7JVO/9jIB6UyevL+tXuOqrng8j/cxKTWyWUwvSTriiZz/g==}
    engines: {node: '>=8'}
    dependencies:
      emoji-regex: 8.0.0
      is-fullwidth-code-point: 3.0.0
      strip-ansi: 6.0.1
    dev: false

  /string-width@5.1.2:
    resolution: {integrity: sha512-HnLOCR3vjcY8beoNLtcjZ5/nxn2afmME6lhrDrebokqMap+XbeW8n9TXpPDOqdGK5qcI3oT0GKTW6wC7EMiVqA==}
    engines: {node: '>=12'}
    dependencies:
      eastasianwidth: 0.2.0
      emoji-regex: 9.2.2
      strip-ansi: 7.1.0
    dev: false

  /strip-ansi@6.0.1:
    resolution: {integrity: sha512-Y38VPSHcqkFrCpFnQ9vuSXmquuv5oXOKpGeT6aGrr3o3Gc9AlVa6JBfUSOCnbxGGZF+/0ooI7KrPuUSztUdU5A==}
    engines: {node: '>=8'}
    dependencies:
      ansi-regex: 5.0.1
    dev: false

  /strip-ansi@7.1.0:
    resolution: {integrity: sha512-iq6eVVI64nQQTRYq2KtEg2d2uU7LElhTJwsH4YzIHZshxlgZms/wIc4VoDQTlG/IvVIrBKG06CrZnp0qv7hkcQ==}
    engines: {node: '>=12'}
    dependencies:
      ansi-regex: 6.0.1
    dev: false

  /style-mod@4.0.3:
    resolution: {integrity: sha512-78Jv8kYJdjbvRwwijtCevYADfsI0lGzYJe4mMFdceO8l75DFFDoqBhR1jVDicDRRaX4//g1u9wKeo+ztc2h1Rw==}
    dev: true

  /svelte@3.35.0:
    resolution: {integrity: sha512-gknlZkR2sXheu/X+B7dDImwANVvK1R0QGQLd8CNIfxxGPeXBmePnxfzb6fWwTQRsYQG7lYkZXvpXJvxvpsoB7g==}
    engines: {node: '>= 8'}
    dev: true

  /to-regex-range@5.0.1:
    resolution: {integrity: sha512-65P7iz6X5yEr1cwcgvQxbbIw7Uk3gOy5dIdtZ4rDveLqhrdJP+Li/Hx6tyK0NEb+2GCyneCMJiGqrADCSNk8sQ==}
    engines: {node: '>=8.0'}
    dependencies:
      is-number: 7.0.0
    dev: true

  /ts-md5@1.3.1:
    resolution: {integrity: sha512-DiwiXfwvcTeZ5wCE0z+2A9EseZsztaiZtGrtSaY5JOD7ekPnR/GoIVD5gXZAlK9Na9Kvpo9Waz5rW64WKAWApg==}
    engines: {node: '>=12'}
    dev: false

  /tslib@1.14.1:
    resolution: {integrity: sha512-Xni35NKzjgMrwevysHTCArtLDpPvye8zV/0E4EyYn43P7/7qvQwPh9BGkHewbMulVntbigmcT7rdX3BNo9wRJg==}
    dev: true

  /tslib@2.1.0:
    resolution: {integrity: sha512-hcVC3wYEziELGGmEEXue7D75zbwIIVUMWAVbHItGPx0ziyXxrOMQx4rQEVEV45Ut/1IotuEvwqPopzIOkDMf0A==}
    dev: true

  /tslib@2.4.0:
    resolution: {integrity: sha512-d6xOpEDfsi2CZVlPQzGeux8XMwLT9hssAsaPYExaQMuYskwb+x1x7J371tWlbBdWHroy99KnVB6qIkUbs5X3UQ==}
    dev: true

  /tsutils@3.21.0(typescript@4.7.4):
    resolution: {integrity: sha512-mHKK3iUXL+3UF6xL5k0PEhKRUBKPBCv/+RkEOpjRWxxx27KKRBmmA60A9pgOUvMi8GKhRMPEmjBRPzs2W7O1OA==}
    engines: {node: '>= 6'}
    peerDependencies:
      typescript: '>=2.8.0 || >= 3.2.0-dev || >= 3.3.0-dev || >= 3.4.0-dev || >= 3.5.0-dev || >= 3.6.0-dev || >= 3.6.0-beta || >= 3.7.0-dev || >= 3.7.0-beta'
    dependencies:
      tslib: 1.14.1
      typescript: 4.7.4
    dev: true

  /typescript@4.7.4:
    resolution: {integrity: sha512-C0WQT0gezHuw6AdY1M2jxUO83Rjf0HP7Sk1DtXj6j1EwkQNZrHAg2XPWlq62oqEhYvONq5pkC2Y9oPljWToLmQ==}
    engines: {node: '>=4.2.0'}
    hasBin: true
    dev: true

  /underscore@1.13.6:
    resolution: {integrity: sha512-+A5Sja4HP1M08MaXya7p5LvjuM7K6q/2EaC0+iovj/wOcMsTzMvDFbasi/oSapiwOlt252IqsKqPjCl7huKS0A==}
    dev: false

  /w3c-keyname@2.2.6:
    resolution: {integrity: sha512-f+fciywl1SJEniZHD6H+kUO8gOnwIr7f4ijKA6+ZvJFjeGi1r4PDLl53Ayud9O/rk64RqgoQine0feoeOU0kXg==}
    dev: true

  /which@2.0.2:
    resolution: {integrity: sha512-BLI3Tl1TW3Pvl70l3yq3Y64i+awpwXqsGBYWkkqMtnbXgrMD+yj7rhW0kuEDxzJaYXGjEW5ogapKNMEKNMjibA==}
    engines: {node: '>= 8'}
    hasBin: true
    dependencies:
      isexe: 2.0.0
    dev: false

  /wrap-ansi@7.0.0:
    resolution: {integrity: sha512-YVGIj2kamLSTxw6NsZjoBxfSwsn0ycdesmc4p+Q21c5zPuZ1pl+NfxVdxPtdHvmNVOQ6XSYG4AUtyt/Fi7D16Q==}
    engines: {node: '>=10'}
    dependencies:
      ansi-styles: 4.3.0
      string-width: 4.2.3
      strip-ansi: 6.0.1
    dev: false

  /wrap-ansi@8.1.0:
    resolution: {integrity: sha512-si7QWI6zUMq56bESFvagtmzMdGOtoxfR+Sez11Mobfc7tm+VkUckk9bW2UeffTGVUbOksxmSw0AA2gs8g71NCQ==}
    engines: {node: '>=12'}
    dependencies:
      ansi-styles: 6.2.1
      string-width: 5.1.2
      strip-ansi: 7.1.0
    dev: false

  /yallist@4.0.0:
    resolution: {integrity: sha512-3wdGidZyq5PB084XLES5TpOSRA3wjXAlIWMhum2kRcv/41Sn2emQ0dycQW4uZXLejwKvg6EsvbdlVL+FYEct7A==}
    dev: true

  github.com/bingryan/obsidian-markdown-export-plugin/48fbdfd4413355ddea1cf8e062200317b9dbfb08:
    resolution: {tarball: https://codeload.github.com/bingryan/obsidian-markdown-export-plugin/tar.gz/48fbdfd4413355ddea1cf8e062200317b9dbfb08}
    name: obsidian-markdown-export
    version: 1.0.1
    dependencies:
      md5: 2.3.0
    dev: false

  github.com/lishid/cm-language/1aadcc247f20ccfda76424a9f853dbb4ee203fdc:
    resolution: {tarball: https://codeload.github.com/lishid/cm-language/tar.gz/1aadcc247f20ccfda76424a9f853dbb4ee203fdc}
    name: '@codemirror/language'
    version: 6.6.0
    prepare: true
    requiresBuild: true
    dependencies:
      '@codemirror/state': 6.2.0
      '@codemirror/view': 6.11.0
      '@lezer/common': 1.0.2
      '@lezer/highlight': 1.1.4
      '@lezer/lr': 1.3.4
      style-mod: 4.0.3
    dev: true

  github.com/obsidianmd/obsidian-api/971b9e83ca65f0c3655346938167f666a8a868ff(@codemirror/state@6.2.0)(@codemirror/view@6.11.0):
    resolution: {tarball: https://codeload.github.com/obsidianmd/obsidian-api/tar.gz/971b9e83ca65f0c3655346938167f666a8a868ff}
    id: github.com/obsidianmd/obsidian-api/971b9e83ca65f0c3655346938167f666a8a868ff
    name: obsidian
    version: 1.2.8
    peerDependencies:
      '@codemirror/state': ^6.0.0
      '@codemirror/view': ^6.0.0
    dependencies:
      '@codemirror/state': 6.2.0
      '@codemirror/view': 6.11.0
      '@types/codemirror': 5.60.8
      moment: 2.29.4
    dev: true

settings:
  autoInstallPeers: true
  excludeLinksFromLockfile: false
